
Microsoft Visual Studio Solution File, Format Version 12.00
# Visual Studio Version 17
VisualStudioVersion = 17.2.32630.192
MinimumVisualStudioVersion = 10.0.40219.1
Project("{FAE04EC0-301F-11D3-BF4B-00C04F79EFBC}") = "Licensing.Deviar", "Licensing.Deviar\Licensing.Deviar.csproj", "{32632361-E359-45DD-AD4D-56C6A2F2886C}"
EndProject
Global
	GlobalSection(SolutionConfigurationPlatforms) = preSolution
		Debug|Any CPU = Debug|Any CPU
		Release|Any CPU = Release|Any CPU
	EndGlobalSection
	GlobalSection(ProjectConfigurationPlatforms) = postSolution
		{32632361-E359-45DD-AD4D-56C6A2F2886C}.Debug|Any CPU.ActiveCfg = Debug|Any CPU
		{32632361-E359-45DD-AD4D-56C6A2F2886C}.Debug|Any CPU.Build.0 = Debug|Any CPU
		{32632361-E359-45DD-AD4D-56C6A2F2886C}.Release|Any CPU.ActiveCfg = Release|Any CPU
		{32632361-E359-45DD-AD4D-56C6A2F2886C}.Release|Any CPU.Build.0 = Release|Any CPU
	EndGlobalSection
	GlobalSection(SolutionProperties) = preSolution
		HideSolutionNode = FALSE
	EndGlobalSection
	GlobalSection(ExtensibilityGlobals) = postSolution
		SolutionGuid = {2A707DE8-0A24-4416-9718-00E99FA359A8}
	EndGlobalSection
EndGlobal
